
Microsoft Visual Studio Solution File, Format Version 12.00
# Visual Studio Version 17
VisualStudioVersion = 17.14.36301.6 d17.14
MinimumVisualStudioVersion = 10.0.40219.1
Project("{FAE04EC0-301F-11D3-BF4B-00C04F79EFBC}") = "ShoeStoreMVC", "ShoeStoreMVC\ShoeStoreMVC.csproj", "{7B7FDEE2-081F-4B8E-926A-E41CB998571B}"
EndProject
Global
	GlobalSection(SolutionConfigurationPlatforms) = preSolution
		Debug|Any CPU = Debug|Any CPU
		Release|Any CPU = Release|Any CPU
	EndGlobalSection
	GlobalSection(ProjectConfigurationPlatforms) = postSolution
		{7B7FDEE2-081F-4B8E-926A-E41CB998571B}.Debug|Any CPU.ActiveCfg = Debug|Any CPU
		{7B7FDEE2-081F-4B8E-926A-E41CB998571B}.Debug|Any CPU.Build.0 = Debug|Any CPU
		{7B7FDEE2-081F-4B8E-926A-E41CB998571B}.Release|Any CPU.ActiveCfg = Release|Any CPU
		{7B7FDEE2-081F-4B8E-926A-E41CB998571B}.Release|Any CPU.Build.0 = Release|Any CPU
	EndGlobalSection
	GlobalSection(SolutionProperties) = preSolution
		HideSolutionNode = FALSE
	EndGlobalSection
	GlobalSection(ExtensibilityGlobals) = postSolution
		SolutionGuid = {084B6106-76E9-4597-882D-6CDB2720258A}
	EndGlobalSection
EndGlobal
